
Microsoft Visual Studio Solution File, Format Version 12.00
# Visual Studio Version 17
VisualStudioVersion = 17.7.34031.279
MinimumVisualStudioVersion = 10.0.40219.1
Project("{FAE04EC0-301F-11D3-BF4B-00C04F79EFBC}") = "Shopping_Tutor", "Shopping_Tutor\Shopping_Tutor.csproj", "{B10C8D4F-3114-4A2F-A2EC-0534AF652899}"
EndProject
Global
	GlobalSection(SolutionConfigurationPlatforms) = preSolution
		Debug|Any CPU = Debug|Any CPU
		Release|Any CPU = Release|Any CPU
	EndGlobalSection
	GlobalSection(ProjectConfigurationPlatforms) = postSolution
		{B10C8D4F-3114-4A2F-A2EC-0534AF652899}.Debug|Any CPU.ActiveCfg = Debug|Any CPU
		{B10C8D4F-3114-4A2F-A2EC-0534AF652899}.Debug|Any CPU.Build.0 = Debug|Any CPU
		{B10C8D4F-3114-4A2F-A2EC-0534AF652899}.Release|Any CPU.ActiveCfg = Release|Any CPU
		{B10C8D4F-3114-4A2F-A2EC-0534AF652899}.Release|Any CPU.Build.0 = Release|Any CPU
	EndGlobalSection
	GlobalSection(SolutionProperties) = preSolution
		HideSolutionNode = FALSE
	EndGlobalSection
	GlobalSection(ExtensibilityGlobals) = postSolution
		SolutionGuid = {F2C68DEE-78D7-4977-A15B-7A24C53BA7E0}
	EndGlobalSection
EndGlobal
